
Microsoft Visual Studio Solution File, Format Version 12.00
# Visual Studio Version 17
VisualStudioVersion = 17.10.34928.147
MinimumVisualStudioVersion = 10.0.40219.1
Project("{9A19103F-16F7-4668-BE54-9A1E7A4F7556}") = "Arselon.Cdt.Binary", "src\Arselon.Cdt.Binary\Arselon.Cdt.Binary.csproj", "{41459FF0-68D9-4AC2-9192-BD692EB1550C}"
EndProject
Project("{2150E333-8FDC-42A3-9474-1A3956D46DE8}") = "Samples", "Samples", "{3DAD5895-1EF5-470A-9542-C6E784F61F5D}"
EndProject
Project("{2150E333-8FDC-42A3-9474-1A3956D46DE8}") = "Binary", "Binary", "{0ECDDE8C-C1B9-43E4-9082-614422CF9418}"
EndProject
Project("{9A19103F-16F7-4668-BE54-9A1E7A4F7556}") = "IntelHex-ReadWrite", "samples\Binary\IntelHex-ReadWrite\IntelHex-ReadWrite.csproj", "{282BBD02-D4EB-4579-A948-5D9502FB2D8E}"
EndProject
Project("{9A19103F-16F7-4668-BE54-9A1E7A4F7556}") = "IntelHex-CustomWrite", "samples\Binary\IntelHex-Writer\IntelHex-CustomWrite.csproj", "{2BEFC3A7-55DD-48FB-8376-1A5578BF999E}"
EndProject
Project("{FAE04EC0-301F-11D3-BF4B-00C04F79EFBC}") = "MotorolaHex-ReadWrite", "samples\Binary\MotorolaHex-ReadWrite\MotorolaHex-ReadWrite.csproj", "{D8D7FE49-9EBA-489C-90BE-2061A745A8E3}"
EndProject
Project("{FAE04EC0-301F-11D3-BF4B-00C04F79EFBC}") = "Arselon.Extensions", "src\Arselon.Extensions\Arselon.Extensions.csproj", "{69893724-5D0B-4207-9F50-4A7AA800B848}"
EndProject
Project("{2150E333-8FDC-42A3-9474-1A3956D46DE8}") = "Solution Items", "Solution Items", "{194170A2-0FE4-432D-98E9-39209A10E7B5}"
	ProjectSection(SolutionItems) = preProject
		README.md = README.md
	EndProjectSection
EndProject
Global
	GlobalSection(SolutionConfigurationPlatforms) = preSolution
		Debug|Any CPU = Debug|Any CPU
		Release|Any CPU = Release|Any CPU
	EndGlobalSection
	GlobalSection(ProjectConfigurationPlatforms) = postSolution
		{41459FF0-68D9-4AC2-9192-BD692EB1550C}.Debug|Any CPU.ActiveCfg = Debug|Any CPU
		{41459FF0-68D9-4AC2-9192-BD692EB1550C}.Debug|Any CPU.Build.0 = Debug|Any CPU
		{41459FF0-68D9-4AC2-9192-BD692EB1550C}.Release|Any CPU.ActiveCfg = Release|Any CPU
		{41459FF0-68D9-4AC2-9192-BD692EB1550C}.Release|Any CPU.Build.0 = Release|Any CPU
		{282BBD02-D4EB-4579-A948-5D9502FB2D8E}.Debug|Any CPU.ActiveCfg = Debug|Any CPU
		{282BBD02-D4EB-4579-A948-5D9502FB2D8E}.Debug|Any CPU.Build.0 = Debug|Any CPU
		{282BBD02-D4EB-4579-A948-5D9502FB2D8E}.Release|Any CPU.ActiveCfg = Release|Any CPU
		{282BBD02-D4EB-4579-A948-5D9502FB2D8E}.Release|Any CPU.Build.0 = Release|Any CPU
		{2BEFC3A7-55DD-48FB-8376-1A5578BF999E}.Debug|Any CPU.ActiveCfg = Debug|Any CPU
		{2BEFC3A7-55DD-48FB-8376-1A5578BF999E}.Debug|Any CPU.Build.0 = Debug|Any CPU
		{2BEFC3A7-55DD-48FB-8376-1A5578BF999E}.Release|Any CPU.ActiveCfg = Release|Any CPU
		{2BEFC3A7-55DD-48FB-8376-1A5578BF999E}.Release|Any CPU.Build.0 = Release|Any CPU
		{D8D7FE49-9EBA-489C-90BE-2061A745A8E3}.Debug|Any CPU.ActiveCfg = Debug|Any CPU
		{D8D7FE49-9EBA-489C-90BE-2061A745A8E3}.Debug|Any CPU.Build.0 = Debug|Any CPU
		{D8D7FE49-9EBA-489C-90BE-2061A745A8E3}.Release|Any CPU.ActiveCfg = Release|Any CPU
		{D8D7FE49-9EBA-489C-90BE-2061A745A8E3}.Release|Any CPU.Build.0 = Release|Any CPU
		{69893724-5D0B-4207-9F50-4A7AA800B848}.Debug|Any CPU.ActiveCfg = Debug|Any CPU
		{69893724-5D0B-4207-9F50-4A7AA800B848}.Debug|Any CPU.Build.0 = Debug|Any CPU
		{69893724-5D0B-4207-9F50-4A7AA800B848}.Release|Any CPU.ActiveCfg = Release|Any CPU
		{69893724-5D0B-4207-9F50-4A7AA800B848}.Release|Any CPU.Build.0 = Release|Any CPU
	EndGlobalSection
	GlobalSection(SolutionProperties) = preSolution
		HideSolutionNode = FALSE
	EndGlobalSection
	GlobalSection(NestedProjects) = preSolution
		{0ECDDE8C-C1B9-43E4-9082-614422CF9418} = {3DAD5895-1EF5-470A-9542-C6E784F61F5D}
		{282BBD02-D4EB-4579-A948-5D9502FB2D8E} = {0ECDDE8C-C1B9-43E4-9082-614422CF9418}
		{2BEFC3A7-55DD-48FB-8376-1A5578BF999E} = {0ECDDE8C-C1B9-43E4-9082-614422CF9418}
		{D8D7FE49-9EBA-489C-90BE-2061A745A8E3} = {0ECDDE8C-C1B9-43E4-9082-614422CF9418}
	EndGlobalSection
	GlobalSection(ExtensibilityGlobals) = postSolution
		SolutionGuid = {B9C43F8A-6C5A-475C-AB02-CEC264B4C5E2}
	EndGlobalSection
EndGlobal
